
Microsoft Visual Studio Solution File, Format Version 12.00
# Visual Studio Version 17
VisualStudioVersion = 17.3.32922.545
MinimumVisualStudioVersion = 10.0.40219.1
Project("{8BC9CEB8-8B4A-11D0-8D11-00A0C91BC942}") = "TeatLab11.4", "TeatLab11.4\TeatLab11.4.vcxproj", "{23A63780-5BBD-4749-8536-784882E0E429}"
EndProject
Project("{8BC9CEB8-8B4A-11D0-8D11-00A0C91BC942}") = "UnitTest114", "UnitTest114\UnitTest114.vcxproj", "{DC02314F-E2BF-4BC6-8C52-45D77250FB62}"
EndProject
Global
	GlobalSection(SolutionConfigurationPlatforms) = preSolution
		Debug|x64 = Debug|x64
		Debug|x86 = Debug|x86
		Release|x64 = Release|x64
		Release|x86 = Release|x86
	EndGlobalSection
	GlobalSection(ProjectConfigurationPlatforms) = postSolution
		{23A63780-5BBD-4749-8536-784882E0E429}.Debug|x64.ActiveCfg = Debug|x64
		{23A63780-5BBD-4749-8536-784882E0E429}.Debug|x64.Build.0 = Debug|x64
		{23A63780-5BBD-4749-8536-784882E0E429}.Debug|x86.ActiveCfg = Debug|Win32
		{23A63780-5BBD-4749-8536-784882E0E429}.Debug|x86.Build.0 = Debug|Win32
		{23A63780-5BBD-4749-8536-784882E0E429}.Release|x64.ActiveCfg = Release|x64
		{23A63780-5BBD-4749-8536-784882E0E429}.Release|x64.Build.0 = Release|x64
		{23A63780-5BBD-4749-8536-784882E0E429}.Release|x86.ActiveCfg = Release|Win32
		{23A63780-5BBD-4749-8536-784882E0E429}.Release|x86.Build.0 = Release|Win32
		{DC02314F-E2BF-4BC6-8C52-45D77250FB62}.Debug|x64.ActiveCfg = Debug|x64
		{DC02314F-E2BF-4BC6-8C52-45D77250FB62}.Debug|x64.Build.0 = Debug|x64
		{DC02314F-E2BF-4BC6-8C52-45D77250FB62}.Debug|x86.ActiveCfg = Debug|Win32
		{DC02314F-E2BF-4BC6-8C52-45D77250FB62}.Debug|x86.Build.0 = Debug|Win32
		{DC02314F-E2BF-4BC6-8C52-45D77250FB62}.Release|x64.ActiveCfg = Release|x64
		{DC02314F-E2BF-4BC6-8C52-45D77250FB62}.Release|x64.Build.0 = Release|x64
		{DC02314F-E2BF-4BC6-8C52-45D77250FB62}.Release|x86.ActiveCfg = Release|Win32
		{DC02314F-E2BF-4BC6-8C52-45D77250FB62}.Release|x86.Build.0 = Release|Win32
	EndGlobalSection
	GlobalSection(SolutionProperties) = preSolution
		HideSolutionNode = FALSE
	EndGlobalSection
	GlobalSection(ExtensibilityGlobals) = postSolution
		SolutionGuid = {99657C83-88EA-4BD8-B62E-C183F5931887}
	EndGlobalSection
EndGlobal
